
Microsoft Visual Studio Solution File, Format Version 12.00
# Visual Studio Version 17
VisualStudioVersion = 17.3.32825.248
MinimumVisualStudioVersion = 10.0.40219.1
Project("{9A19103F-16F7-4668-BE54-9A1E7A4F7556}") = "coproBox", "coproBox.csproj", "{518E43FC-7151-4CB2-9FFA-B6E3FA747D50}"
EndProject
Global
	GlobalSection(SolutionConfigurationPlatforms) = preSolution
		Debug|Any CPU = Debug|Any CPU
		Release|Any CPU = Release|Any CPU
	EndGlobalSection
	GlobalSection(ProjectConfigurationPlatforms) = postSolution
		{518E43FC-7151-4CB2-9FFA-B6E3FA747D50}.Debug|Any CPU.ActiveCfg = Debug|Any CPU
		{518E43FC-7151-4CB2-9FFA-B6E3FA747D50}.Debug|Any CPU.Build.0 = Debug|Any CPU
		{518E43FC-7151-4CB2-9FFA-B6E3FA747D50}.Release|Any CPU.ActiveCfg = Release|Any CPU
		{518E43FC-7151-4CB2-9FFA-B6E3FA747D50}.Release|Any CPU.Build.0 = Release|Any CPU
	EndGlobalSection
	GlobalSection(SolutionProperties) = preSolution
		HideSolutionNode = FALSE
	EndGlobalSection
	GlobalSection(ExtensibilityGlobals) = postSolution
		SolutionGuid = {E7B2ADC1-5B8B-4764-84C7-F50C587E6C6F}
	EndGlobalSection
EndGlobal
